
Microsoft Visual Studio Solution File, Format Version 11.00
# Visual Studio 2010
Project("{FAE04EC0-301F-11D3-BF4B-00C04F79EFBC}") = "AstarPathfindingProject", "AstarPathfindingProject.csproj", "{DC310E2B-4D1E-2858-FDC8-6084CB419AC2}"
EndProject
Project("{FAE04EC0-301F-11D3-BF4B-00C04F79EFBC}") = "Assembly-CSharp", "Assembly-CSharp.csproj", "{6B967859-9777-BC21-2F24-F704F70A9455}"
EndProject
Project("{FAE04EC0-301F-11D3-BF4B-00C04F79EFBC}") = "PackageToolsEditor", "PackageToolsEditor.csproj", "{C109B996-3201-B600-3FEB-CA2C23BC0449}"
EndProject
Project("{FAE04EC0-301F-11D3-BF4B-00C04F79EFBC}") = "AstarPathfindingProjectEditor", "AstarPathfindingProjectEditor.csproj", "{EEF9F6EA-5107-F9BF-6E39-D59809A52794}"
EndProject
Global
	GlobalSection(SolutionConfigurationPlatforms) = preSolution
		Debug|Any CPU = Debug|Any CPU
		Release|Any CPU = Release|Any CPU
	EndGlobalSection
	GlobalSection(ProjectConfigurationPlatforms) = postSolution
		{DC310E2B-4D1E-2858-FDC8-6084CB419AC2}.Debug|Any CPU.ActiveCfg = Debug|Any CPU
		{DC310E2B-4D1E-2858-FDC8-6084CB419AC2}.Debug|Any CPU.Build.0 = Debug|Any CPU
		{DC310E2B-4D1E-2858-FDC8-6084CB419AC2}.Release|Any CPU.ActiveCfg = Release|Any CPU
		{DC310E2B-4D1E-2858-FDC8-6084CB419AC2}.Release|Any CPU.Build.0 = Release|Any CPU
		{6B967859-9777-BC21-2F24-F704F70A9455}.Debug|Any CPU.ActiveCfg = Debug|Any CPU
		{6B967859-9777-BC21-2F24-F704F70A9455}.Debug|Any CPU.Build.0 = Debug|Any CPU
		{6B967859-9777-BC21-2F24-F704F70A9455}.Release|Any CPU.ActiveCfg = Release|Any CPU
		{6B967859-9777-BC21-2F24-F704F70A9455}.Release|Any CPU.Build.0 = Release|Any CPU
		{C109B996-3201-B600-3FEB-CA2C23BC0449}.Debug|Any CPU.ActiveCfg = Debug|Any CPU
		{C109B996-3201-B600-3FEB-CA2C23BC0449}.Debug|Any CPU.Build.0 = Debug|Any CPU
		{C109B996-3201-B600-3FEB-CA2C23BC0449}.Release|Any CPU.ActiveCfg = Release|Any CPU
		{C109B996-3201-B600-3FEB-CA2C23BC0449}.Release|Any CPU.Build.0 = Release|Any CPU
		{EEF9F6EA-5107-F9BF-6E39-D59809A52794}.Debug|Any CPU.ActiveCfg = Debug|Any CPU
		{EEF9F6EA-5107-F9BF-6E39-D59809A52794}.Debug|Any CPU.Build.0 = Debug|Any CPU
		{EEF9F6EA-5107-F9BF-6E39-D59809A52794}.Release|Any CPU.ActiveCfg = Release|Any CPU
		{EEF9F6EA-5107-F9BF-6E39-D59809A52794}.Release|Any CPU.Build.0 = Release|Any CPU
	EndGlobalSection
	GlobalSection(SolutionProperties) = preSolution
		HideSolutionNode = FALSE
	EndGlobalSection
EndGlobal
